
Microsoft Visual Studio Solution File, Format Version 12.00
# Visual Studio Version 17
VisualStudioVersion = 17.1.32328.378
MinimumVisualStudioVersion = 10.0.40219.1
Project("{FAE04EC0-301F-11D3-BF4B-00C04F79EFBC}") = "CourseWork_SDPA_Iskhakov_4211_2022", "CourseWork_SDPA_Iskhakov_4211_2022\CourseWork_SDPA_Iskhakov_4211_2022.csproj", "{7E091922-F6BA-4B21-92B2-93C49BB3ADC2}"
EndProject
Global
	GlobalSection(SolutionConfigurationPlatforms) = preSolution
		Debug|Any CPU = Debug|Any CPU
		Release|Any CPU = Release|Any CPU
	EndGlobalSection
	GlobalSection(ProjectConfigurationPlatforms) = postSolution
		{7E091922-F6BA-4B21-92B2-93C49BB3ADC2}.Debug|Any CPU.ActiveCfg = Debug|Any CPU
		{7E091922-F6BA-4B21-92B2-93C49BB3ADC2}.Debug|Any CPU.Build.0 = Debug|Any CPU
		{7E091922-F6BA-4B21-92B2-93C49BB3ADC2}.Release|Any CPU.ActiveCfg = Release|Any CPU
		{7E091922-F6BA-4B21-92B2-93C49BB3ADC2}.Release|Any CPU.Build.0 = Release|Any CPU
	EndGlobalSection
	GlobalSection(SolutionProperties) = preSolution
		HideSolutionNode = FALSE
	EndGlobalSection
	GlobalSection(ExtensibilityGlobals) = postSolution
		SolutionGuid = {D4C51D00-549F-4D31-BBB4-E13E79DBA88C}
	EndGlobalSection
EndGlobal
